<?xml version="1.0" encoding="UTF-8" standalone="yes" ?>
<CodeBlocks_project_file>
	<FileVersion major="1" minor="6" />
	<Project>
		<Option title="IXO" />
		<Option pch_mode="2" />
		<Option compiler="gcc" />
		<Build>
			<Target title="Debug">
				<Option output="bin/Debug/IXO" prefix_auto="1" extension_auto="1" />
				<Option object_output="obj/Debug/" />
				<Option type="1" />
				<Option compiler="gcc" />
				<Compiler>
					<Add option="-g" />
					<Add option="-Wno-format" />
				</Compiler>
			</Target>
			<Target title="Release">
				<Option output="bin/Release/IXO" prefix_auto="1" extension_auto="1" />
				<Option object_output="obj/Release/" />
				<Option type="1" />
				<Option compiler="gcc" />
				<Compiler>
					<Add option="-O2" />
				</Compiler>
				<Linker>
					<Add option="-s" />
				</Linker>
			</Target>
		</Build>
		<Compiler>
			<Add option="-Wall" />
			<Add directory="./include" />
		</Compiler>
		<Unit filename="include/IXO.h" />
		<Unit filename="include/IXO_class.h" />
		<Unit filename="include/IXO_general.h" />
		<Unit filename="include/IXO_json.h" />
		<Unit filename="include/IXO_string.h" />
		<Unit filename="src/IXO.c">
			<Option compilerVar="CC" />
		</Unit>
		<Unit filename="src/IXO_class.c">
			<Option compilerVar="CC" />
		</Unit>
		<Unit filename="src/IXO_general.c">
			<Option compilerVar="CC" />
		</Unit>
		<Unit filename="src/IXO_json.c">
			<Option compilerVar="CC" />
		</Unit>
		<Unit filename="src/IXO_string.c">
			<Option compilerVar="CC" />
		</Unit>
		<Unit filename="test_IXO.c">
			<Option compilerVar="CC" />
		</Unit>
		<Unit filename="tst/tst1.json" />
		<Extensions>
			<lib_finder disable_auto="1" />
		</Extensions>
	</Project>
</CodeBlocks_project_file>
